
Microsoft Visual Studio Solution File, Format Version 12.00
# Visual Studio Version 17
VisualStudioVersion = 17.14.36603.0
MinimumVisualStudioVersion = 10.0.40219.1
Project("{2150E333-8FDC-42A3-9474-1A3956D46DE8}") = "Task0", "Task0", "{02EA681E-C7D8-13C7-8484-4AC65E1B71E8}"
EndProject
Project("{FAE04EC0-301F-11D3-BF4B-00C04F79EFBC}") = "Tyuiu.AymurzinaJV.Sprint5.Task0.V29", "Tyuiu.AymurzinaJV.Sprint5.Task0.V29\Tyuiu.AymurzinaJV.Sprint5.Task0.V29.csproj", "{D0B7A3F1-FFBE-43A6-AF57-B8C31D8FD7E4}"
EndProject
Project("{FAE04EC0-301F-11D3-BF4B-00C04F79EFBC}") = "Tyuiu.AymurzinaJV.Sprint5.Task0.V29.Lib", "Tyuiu.AymurzinaJV.Sprint5.Task0.V29.Lib\Tyuiu.AymurzinaJV.Sprint5.Task0.V29.Lib.csproj", "{A0DDA903-5343-4952-A6EC-DD229B707A4B}"
EndProject
Project("{FAE04EC0-301F-11D3-BF4B-00C04F79EFBC}") = "Tyuiu.AymurzinaJV.Sprint5.Task0.V29.Test", "Tyuiu.AymurzinaJV.Sprint5.Task0.V29.Test\Tyuiu.AymurzinaJV.Sprint5.Task0.V29.Test.csproj", "{749866CC-B8E3-4576-9595-B4C646958F37}"
EndProject
Project("{2150E333-8FDC-42A3-9474-1A3956D46DE8}") = "Task1", "Task1", "{70EF9B62-63B2-4EBC-9562-D4201A4B5508}"
EndProject
Project("{FAE04EC0-301F-11D3-BF4B-00C04F79EFBC}") = "Tyuiu.AymurzinaJV.Sprint5.Task1.V2", "Tyuiu.AymurzinaJV.Sprint5.Task1.V2\Tyuiu.AymurzinaJV.Sprint5.Task1.V2.csproj", "{B6F7BE0F-5D89-468E-92CD-74054ABDC971}"
EndProject
Project("{FAE04EC0-301F-11D3-BF4B-00C04F79EFBC}") = "Tyuiu.AymurzinaJV.Sprint5.Task1.V2.Lib", "Tyuiu.AymurzinaJV.Sprint5.Task1.V2.Lib\Tyuiu.AymurzinaJV.Sprint5.Task1.V2.Lib.csproj", "{F8994D05-4C85-4ADE-85FE-B87098AD1813}"
EndProject
Project("{FAE04EC0-301F-11D3-BF4B-00C04F79EFBC}") = "Tyuiu.AymurzinaJV.Sprint5.Task1.V2.Test", "Tyuiu.AymurzinaJV.Sprint5.Task1.V2.Test\Tyuiu.AymurzinaJV.Sprint5.Task1.V2.Test.csproj", "{B938BDF8-B0CA-4E76-8F4B-E90A6EA3D62F}"
EndProject
Project("{2150E333-8FDC-42A3-9474-1A3956D46DE8}") = "Task2", "Task2", "{BFF7D922-271C-4585-ACBF-ABECE237179A}"
EndProject
Project("{FAE04EC0-301F-11D3-BF4B-00C04F79EFBC}") = "Tyuiu.AymurzinaJV.Sprint5.Task2.V19", "Tyuiu.AymurzinaJV.Sprint5.Task2.V19\Tyuiu.AymurzinaJV.Sprint5.Task2.V19.csproj", "{DA9051EA-73EF-40CD-A2DE-0D44B1DB6BAE}"
EndProject
Project("{FAE04EC0-301F-11D3-BF4B-00C04F79EFBC}") = "Tyuiu.AymurzinaJV.Sprint5.Task2.V19.Lib", "Tyuiu.AymurzinaJV.Sprint5.Task2.V19.Lib\Tyuiu.AymurzinaJV.Sprint5.Task2.V19.Lib.csproj", "{0C1662B1-6CC8-4760-8F9D-25E7BAB8C1EA}"
EndProject
Project("{FAE04EC0-301F-11D3-BF4B-00C04F79EFBC}") = "Tyuiu.AymurzinaJV.Sprint5.Task2.V19.Test", "Tyuiu.AymurzinaJV.Sprint5.Task2.V19.Test\Tyuiu.AymurzinaJV.Sprint5.Task2.V19.Test.csproj", "{A39141D7-E85E-4E55-804E-F901C92AD600}"
EndProject
Project("{2150E333-8FDC-42A3-9474-1A3956D46DE8}") = "Task3", "Task3", "{7CC9C782-AE49-4A4A-BB69-47CA16376ABA}"
EndProject
Project("{FAE04EC0-301F-11D3-BF4B-00C04F79EFBC}") = "Tyuiu.AymurzinaJV.Sprint5.Task3.V8", "Tyuiu.AymurzinaJV.Sprint5.Task3.V8\Tyuiu.AymurzinaJV.Sprint5.Task3.V8.csproj", "{EAB16084-99C4-447B-8796-6C6D6B22BD54}"
EndProject
Project("{FAE04EC0-301F-11D3-BF4B-00C04F79EFBC}") = "Tyuiu.AymurzinaJV.Sprint5.Task3.V8.Lib", "Tyuiu.AymurzinaJV.Sprint5.Task3.V8.Lib\Tyuiu.AymurzinaJV.Sprint5.Task3.V8.Lib.csproj", "{64B7AB2A-B205-4F87-85B7-B7AFD795E023}"
EndProject
Project("{FAE04EC0-301F-11D3-BF4B-00C04F79EFBC}") = "Tyuiu.AymurzinaJV.Sprint5.Task3.V8.Test", "Tyuiu.AymurzinaJV.Sprint5.Task3.V8.Test\Tyuiu.AymurzinaJV.Sprint5.Task3.V8.Test.csproj", "{33786DA0-026C-4632-8A0E-D2326F783B89}"
EndProject
Project("{2150E333-8FDC-42A3-9474-1A3956D46DE8}") = "Task4", "Task4", "{AC97BBDB-534F-4D22-A7C4-4B079E186962}"
EndProject
Project("{FAE04EC0-301F-11D3-BF4B-00C04F79EFBC}") = "Tyuiu.AymurzinaJV.Sprint5.Task4.V22", "Tyuiu.AymurzinaJV.Sprint5.Task4.V22\Tyuiu.AymurzinaJV.Sprint5.Task4.V22.csproj", "{803F6F66-098B-48C5-ABD9-6B653DEFF8E5}"
EndProject
Project("{FAE04EC0-301F-11D3-BF4B-00C04F79EFBC}") = "Tyuiu.AymurzinaJV.Sprint5.Task4.V22.Lib", "Tyuiu.AymurzinaJV.Sprint5.Task4.V22.Lib\Tyuiu.AymurzinaJV.Sprint5.Task4.V22.Lib.csproj", "{2B9232E4-6F7E-41C2-8397-6234D4C4CFFE}"
EndProject
Project("{FAE04EC0-301F-11D3-BF4B-00C04F79EFBC}") = "Tyuiu.AymurzinaJV.Sprint5.Task4.V22.Test", "Tyuiu.AymurzinaJV.Sprint5.Task4.V22.Test\Tyuiu.AymurzinaJV.Sprint5.Task4.V22.Test.csproj", "{0E39C9D4-BF96-4E53-BF85-BA4FB1B001A1}"
EndProject
Project("{2150E333-8FDC-42A3-9474-1A3956D46DE8}") = "Task5", "Task5", "{D81F285B-B160-43E5-97B1-1BEBEA036919}"
EndProject
Project("{FAE04EC0-301F-11D3-BF4B-00C04F79EFBC}") = "Tyuiu.AymurzinaJV.Sprint5.Task5.V24", "Tyuiu.AymurzinaJV.Sprint5.Task5.V24\Tyuiu.AymurzinaJV.Sprint5.Task5.V24.csproj", "{021F00CA-2A4D-4C58-91BF-41B5D8D3EB85}"
EndProject
Project("{FAE04EC0-301F-11D3-BF4B-00C04F79EFBC}") = "Tyuiu.AymurzinaJV.Sprint5.Task5.V24.Lib", "Tyuiu.AymurzinaJV.Sprint5.Task5.V24.Lib\Tyuiu.AymurzinaJV.Sprint5.Task5.V24.Lib.csproj", "{1EA92B6F-6FF1-4369-84F2-5D9ADB39679A}"
EndProject
Project("{FAE04EC0-301F-11D3-BF4B-00C04F79EFBC}") = "Tyuiu.AymurzinaJV.Sprint5.Task5.V24.Test", "Tyuiu.AymurzinaJV.Sprint5.Task5.V24.Test\Tyuiu.AymurzinaJV.Sprint5.Task5.V24.Test.csproj", "{DEBC37EA-F48F-4672-92E0-7911B6DE3CA9}"
EndProject
Project("{FAE04EC0-301F-11D3-BF4B-00C04F79EFBC}") = "Tyuiu.AymurzinaJV.Sprint5.Task6.V7", "Tyuiu.AymurzinaJV.Sprint5.Task6.V7\Tyuiu.AymurzinaJV.Sprint5.Task6.V7.csproj", "{47CAAFEE-A339-443E-91BD-606AB1A92896}"
EndProject
Project("{2150E333-8FDC-42A3-9474-1A3956D46DE8}") = "Task6", "Task6", "{5FDD425B-A07C-4D79-87D9-E0A6118C67E3}"
EndProject
Project("{FAE04EC0-301F-11D3-BF4B-00C04F79EFBC}") = "Tyuiu.AymurzinaJV.Sprint5.Task6.V7.Lib", "Tyuiu.AymurzinaJV.Sprint5.Task6.V7.Lib\Tyuiu.AymurzinaJV.Sprint5.Task6.V7.Lib.csproj", "{FA7AC35C-E3DC-417A-BC69-B8013AD8E42E}"
EndProject
Project("{FAE04EC0-301F-11D3-BF4B-00C04F79EFBC}") = "Tyuiu.AymurzinaJV.Sprint5.Task6.V7.Test", "Tyuiu.AymurzinaJV.Sprint5.Task6.V7.Test\Tyuiu.AymurzinaJV.Sprint5.Task6.V7.Test.csproj", "{C1551E58-D8C1-421A-A8E6-E495A49CC713}"
EndProject
Global
	GlobalSection(SolutionConfigurationPlatforms) = preSolution
		Debug|Any CPU = Debug|Any CPU
		Release|Any CPU = Release|Any CPU
	EndGlobalSection
	GlobalSection(ProjectConfigurationPlatforms) = postSolution
		{D0B7A3F1-FFBE-43A6-AF57-B8C31D8FD7E4}.Debug|Any CPU.ActiveCfg = Debug|Any CPU
		{D0B7A3F1-FFBE-43A6-AF57-B8C31D8FD7E4}.Debug|Any CPU.Build.0 = Debug|Any CPU
		{D0B7A3F1-FFBE-43A6-AF57-B8C31D8FD7E4}.Release|Any CPU.ActiveCfg = Release|Any CPU
		{D0B7A3F1-FFBE-43A6-AF57-B8C31D8FD7E4}.Release|Any CPU.Build.0 = Release|Any CPU
		{A0DDA903-5343-4952-A6EC-DD229B707A4B}.Debug|Any CPU.ActiveCfg = Debug|Any CPU
		{A0DDA903-5343-4952-A6EC-DD229B707A4B}.Debug|Any CPU.Build.0 = Debug|Any CPU
		{A0DDA903-5343-4952-A6EC-DD229B707A4B}.Release|Any CPU.ActiveCfg = Release|Any CPU
		{A0DDA903-5343-4952-A6EC-DD229B707A4B}.Release|Any CPU.Build.0 = Release|Any CPU
		{749866CC-B8E3-4576-9595-B4C646958F37}.Debug|Any CPU.ActiveCfg = Debug|Any CPU
		{749866CC-B8E3-4576-9595-B4C646958F37}.Debug|Any CPU.Build.0 = Debug|Any CPU
		{749866CC-B8E3-4576-9595-B4C646958F37}.Release|Any CPU.ActiveCfg = Release|Any CPU
		{749866CC-B8E3-4576-9595-B4C646958F37}.Release|Any CPU.Build.0 = Release|Any CPU
		{B6F7BE0F-5D89-468E-92CD-74054ABDC971}.Debug|Any CPU.ActiveCfg = Debug|Any CPU
		{B6F7BE0F-5D89-468E-92CD-74054ABDC971}.Debug|Any CPU.Build.0 = Debug|Any CPU
		{B6F7BE0F-5D89-468E-92CD-74054ABDC971}.Release|Any CPU.ActiveCfg = Release|Any CPU
		{B6F7BE0F-5D89-468E-92CD-74054ABDC971}.Release|Any CPU.Build.0 = Release|Any CPU
		{F8994D05-4C85-4ADE-85FE-B87098AD1813}.Debug|Any CPU.ActiveCfg = Debug|Any CPU
		{F8994D05-4C85-4ADE-85FE-B87098AD1813}.Debug|Any CPU.Build.0 = Debug|Any CPU
		{F8994D05-4C85-4ADE-85FE-B87098AD1813}.Release|Any CPU.ActiveCfg = Release|Any CPU
		{F8994D05-4C85-4ADE-85FE-B87098AD1813}.Release|Any CPU.Build.0 = Release|Any CPU
		{B938BDF8-B0CA-4E76-8F4B-E90A6EA3D62F}.Debug|Any CPU.ActiveCfg = Debug|Any CPU
		{B938BDF8-B0CA-4E76-8F4B-E90A6EA3D62F}.Debug|Any CPU.Build.0 = Debug|Any CPU
		{B938BDF8-B0CA-4E76-8F4B-E90A6EA3D62F}.Release|Any CPU.ActiveCfg = Release|Any CPU
		{B938BDF8-B0CA-4E76-8F4B-E90A6EA3D62F}.Release|Any CPU.Build.0 = Release|Any CPU
		{DA9051EA-73EF-40CD-A2DE-0D44B1DB6BAE}.Debug|Any CPU.ActiveCfg = Debug|Any CPU
		{DA9051EA-73EF-40CD-A2DE-0D44B1DB6BAE}.Debug|Any CPU.Build.0 = Debug|Any CPU
		{DA9051EA-73EF-40CD-A2DE-0D44B1DB6BAE}.Release|Any CPU.ActiveCfg = Release|Any CPU
		{DA9051EA-73EF-40CD-A2DE-0D44B1DB6BAE}.Release|Any CPU.Build.0 = Release|Any CPU
		{0C1662B1-6CC8-4760-8F9D-25E7BAB8C1EA}.Debug|Any CPU.ActiveCfg = Debug|Any CPU
		{0C1662B1-6CC8-4760-8F9D-25E7BAB8C1EA}.Debug|Any CPU.Build.0 = Debug|Any CPU
		{0C1662B1-6CC8-4760-8F9D-25E7BAB8C1EA}.Release|Any CPU.ActiveCfg = Release|Any CPU
		{0C1662B1-6CC8-4760-8F9D-25E7BAB8C1EA}.Release|Any CPU.Build.0 = Release|Any CPU
		{A39141D7-E85E-4E55-804E-F901C92AD600}.Debug|Any CPU.ActiveCfg = Debug|Any CPU
		{A39141D7-E85E-4E55-804E-F901C92AD600}.Debug|Any CPU.Build.0 = Debug|Any CPU
		{A39141D7-E85E-4E55-804E-F901C92AD600}.Release|Any CPU.ActiveCfg = Release|Any CPU
		{A39141D7-E85E-4E55-804E-F901C92AD600}.Release|Any CPU.Build.0 = Release|Any CPU
		{EAB16084-99C4-447B-8796-6C6D6B22BD54}.Debug|Any CPU.ActiveCfg = Debug|Any CPU
		{EAB16084-99C4-447B-8796-6C6D6B22BD54}.Debug|Any CPU.Build.0 = Debug|Any CPU
		{EAB16084-99C4-447B-8796-6C6D6B22BD54}.Release|Any CPU.ActiveCfg = Release|Any CPU
		{EAB16084-99C4-447B-8796-6C6D6B22BD54}.Release|Any CPU.Build.0 = Release|Any CPU
		{64B7AB2A-B205-4F87-85B7-B7AFD795E023}.Debug|Any CPU.ActiveCfg = Debug|Any CPU
		{64B7AB2A-B205-4F87-85B7-B7AFD795E023}.Debug|Any CPU.Build.0 = Debug|Any CPU
		{64B7AB2A-B205-4F87-85B7-B7AFD795E023}.Release|Any CPU.ActiveCfg = Release|Any CPU
		{64B7AB2A-B205-4F87-85B7-B7AFD795E023}.Release|Any CPU.Build.0 = Release|Any CPU
		{33786DA0-026C-4632-8A0E-D2326F783B89}.Debug|Any CPU.ActiveCfg = Debug|Any CPU
		{33786DA0-026C-4632-8A0E-D2326F783B89}.Debug|Any CPU.Build.0 = Debug|Any CPU
		{33786DA0-026C-4632-8A0E-D2326F783B89}.Release|Any CPU.ActiveCfg = Release|Any CPU
		{33786DA0-026C-4632-8A0E-D2326F783B89}.Release|Any CPU.Build.0 = Release|Any CPU
		{803F6F66-098B-48C5-ABD9-6B653DEFF8E5}.Debug|Any CPU.ActiveCfg = Debug|Any CPU
		{803F6F66-098B-48C5-ABD9-6B653DEFF8E5}.Debug|Any CPU.Build.0 = Debug|Any CPU
		{803F6F66-098B-48C5-ABD9-6B653DEFF8E5}.Release|Any CPU.ActiveCfg = Release|Any CPU
		{803F6F66-098B-48C5-ABD9-6B653DEFF8E5}.Release|Any CPU.Build.0 = Release|Any CPU
		{2B9232E4-6F7E-41C2-8397-6234D4C4CFFE}.Debug|Any CPU.ActiveCfg = Debug|Any CPU
		{2B9232E4-6F7E-41C2-8397-6234D4C4CFFE}.Debug|Any CPU.Build.0 = Debug|Any CPU
		{2B9232E4-6F7E-41C2-8397-6234D4C4CFFE}.Release|Any CPU.ActiveCfg = Release|Any CPU
		{2B9232E4-6F7E-41C2-8397-6234D4C4CFFE}.Release|Any CPU.Build.0 = Release|Any CPU
		{0E39C9D4-BF96-4E53-BF85-BA4FB1B001A1}.Debug|Any CPU.ActiveCfg = Debug|Any CPU
		{0E39C9D4-BF96-4E53-BF85-BA4FB1B001A1}.Debug|Any CPU.Build.0 = Debug|Any CPU
		{0E39C9D4-BF96-4E53-BF85-BA4FB1B001A1}.Release|Any CPU.ActiveCfg = Release|Any CPU
		{0E39C9D4-BF96-4E53-BF85-BA4FB1B001A1}.Release|Any CPU.Build.0 = Release|Any CPU
		{021F00CA-2A4D-4C58-91BF-41B5D8D3EB85}.Debug|Any CPU.ActiveCfg = Debug|Any CPU
		{021F00CA-2A4D-4C58-91BF-41B5D8D3EB85}.Debug|Any CPU.Build.0 = Debug|Any CPU
		{021F00CA-2A4D-4C58-91BF-41B5D8D3EB85}.Release|Any CPU.ActiveCfg = Release|Any CPU
		{021F00CA-2A4D-4C58-91BF-41B5D8D3EB85}.Release|Any CPU.Build.0 = Release|Any CPU
		{1EA92B6F-6FF1-4369-84F2-5D9ADB39679A}.Debug|Any CPU.ActiveCfg = Debug|Any CPU
		{1EA92B6F-6FF1-4369-84F2-5D9ADB39679A}.Debug|Any CPU.Build.0 = Debug|Any CPU
		{1EA92B6F-6FF1-4369-84F2-5D9ADB39679A}.Release|Any CPU.ActiveCfg = Release|Any CPU
		{1EA92B6F-6FF1-4369-84F2-5D9ADB39679A}.Release|Any CPU.Build.0 = Release|Any CPU
		{DEBC37EA-F48F-4672-92E0-7911B6DE3CA9}.Debug|Any CPU.ActiveCfg = Debug|Any CPU
		{DEBC37EA-F48F-4672-92E0-7911B6DE3CA9}.Debug|Any CPU.Build.0 = Debug|Any CPU
		{DEBC37EA-F48F-4672-92E0-7911B6DE3CA9}.Release|Any CPU.ActiveCfg = Release|Any CPU
		{DEBC37EA-F48F-4672-92E0-7911B6DE3CA9}.Release|Any CPU.Build.0 = Release|Any CPU
		{47CAAFEE-A339-443E-91BD-606AB1A92896}.Debug|Any CPU.ActiveCfg = Debug|Any CPU
		{47CAAFEE-A339-443E-91BD-606AB1A92896}.Debug|Any CPU.Build.0 = Debug|Any CPU
		{47CAAFEE-A339-443E-91BD-606AB1A92896}.Release|Any CPU.ActiveCfg = Release|Any CPU
		{47CAAFEE-A339-443E-91BD-606AB1A92896}.Release|Any CPU.Build.0 = Release|Any CPU
		{FA7AC35C-E3DC-417A-BC69-B8013AD8E42E}.Debug|Any CPU.ActiveCfg = Debug|Any CPU
		{FA7AC35C-E3DC-417A-BC69-B8013AD8E42E}.Debug|Any CPU.Build.0 = Debug|Any CPU
		{FA7AC35C-E3DC-417A-BC69-B8013AD8E42E}.Release|Any CPU.ActiveCfg = Release|Any CPU
		{FA7AC35C-E3DC-417A-BC69-B8013AD8E42E}.Release|Any CPU.Build.0 = Release|Any CPU
		{C1551E58-D8C1-421A-A8E6-E495A49CC713}.Debug|Any CPU.ActiveCfg = Debug|Any CPU
		{C1551E58-D8C1-421A-A8E6-E495A49CC713}.Debug|Any CPU.Build.0 = Debug|Any CPU
		{C1551E58-D8C1-421A-A8E6-E495A49CC713}.Release|Any CPU.ActiveCfg = Release|Any CPU
		{C1551E58-D8C1-421A-A8E6-E495A49CC713}.Release|Any CPU.Build.0 = Release|Any CPU
	EndGlobalSection
	GlobalSection(SolutionProperties) = preSolution
		HideSolutionNode = FALSE
	EndGlobalSection
	GlobalSection(NestedProjects) = preSolution
		{D0B7A3F1-FFBE-43A6-AF57-B8C31D8FD7E4} = {02EA681E-C7D8-13C7-8484-4AC65E1B71E8}
		{A0DDA903-5343-4952-A6EC-DD229B707A4B} = {02EA681E-C7D8-13C7-8484-4AC65E1B71E8}
		{749866CC-B8E3-4576-9595-B4C646958F37} = {02EA681E-C7D8-13C7-8484-4AC65E1B71E8}
		{B6F7BE0F-5D89-468E-92CD-74054ABDC971} = {70EF9B62-63B2-4EBC-9562-D4201A4B5508}
		{F8994D05-4C85-4ADE-85FE-B87098AD1813} = {70EF9B62-63B2-4EBC-9562-D4201A4B5508}
		{B938BDF8-B0CA-4E76-8F4B-E90A6EA3D62F} = {70EF9B62-63B2-4EBC-9562-D4201A4B5508}
		{DA9051EA-73EF-40CD-A2DE-0D44B1DB6BAE} = {BFF7D922-271C-4585-ACBF-ABECE237179A}
		{0C1662B1-6CC8-4760-8F9D-25E7BAB8C1EA} = {BFF7D922-271C-4585-ACBF-ABECE237179A}
		{A39141D7-E85E-4E55-804E-F901C92AD600} = {BFF7D922-271C-4585-ACBF-ABECE237179A}
		{EAB16084-99C4-447B-8796-6C6D6B22BD54} = {7CC9C782-AE49-4A4A-BB69-47CA16376ABA}
		{64B7AB2A-B205-4F87-85B7-B7AFD795E023} = {7CC9C782-AE49-4A4A-BB69-47CA16376ABA}
		{33786DA0-026C-4632-8A0E-D2326F783B89} = {7CC9C782-AE49-4A4A-BB69-47CA16376ABA}
		{803F6F66-098B-48C5-ABD9-6B653DEFF8E5} = {AC97BBDB-534F-4D22-A7C4-4B079E186962}
		{2B9232E4-6F7E-41C2-8397-6234D4C4CFFE} = {AC97BBDB-534F-4D22-A7C4-4B079E186962}
		{0E39C9D4-BF96-4E53-BF85-BA4FB1B001A1} = {AC97BBDB-534F-4D22-A7C4-4B079E186962}
		{021F00CA-2A4D-4C58-91BF-41B5D8D3EB85} = {D81F285B-B160-43E5-97B1-1BEBEA036919}
		{1EA92B6F-6FF1-4369-84F2-5D9ADB39679A} = {D81F285B-B160-43E5-97B1-1BEBEA036919}
		{DEBC37EA-F48F-4672-92E0-7911B6DE3CA9} = {D81F285B-B160-43E5-97B1-1BEBEA036919}
		{47CAAFEE-A339-443E-91BD-606AB1A92896} = {5FDD425B-A07C-4D79-87D9-E0A6118C67E3}
		{FA7AC35C-E3DC-417A-BC69-B8013AD8E42E} = {5FDD425B-A07C-4D79-87D9-E0A6118C67E3}
		{C1551E58-D8C1-421A-A8E6-E495A49CC713} = {5FDD425B-A07C-4D79-87D9-E0A6118C67E3}
	EndGlobalSection
	GlobalSection(ExtensibilityGlobals) = postSolution
		SolutionGuid = {A05DE89A-0D80-4D93-BEEF-99C968D0534E}
	EndGlobalSection
EndGlobal
